
Microsoft Visual Studio Solution File, Format Version 12.00
# Visual Studio 2013
VisualStudioVersion = 12.0.30501.0
MinimumVisualStudioVersion = 10.0.40219.1
Project("{FAE04EC0-301F-11D3-BF4B-00C04F79EFBC}") = "JustExample", "JustExample\JustExample.csproj", "{43A0B324-37E5-4B70-BE77-5D1E853A8CAF}"
EndProject
Project("{FAE04EC0-301F-11D3-BF4B-00C04F79EFBC}") = "OracleService", "OracleService\OracleService.csproj", "{4CE97331-8E6A-45E9-BDBC-7555C0A0EAB1}"
EndProject
Project("{FAE04EC0-301F-11D3-BF4B-00C04F79EFBC}") = "WedDeviceIdentify", "WedDeviceIdentify\WedDeviceIdentify.csproj", "{D0B90D29-2C8F-491A-ADE1-3837970A5510}"
EndProject
Project("{FAE04EC0-301F-11D3-BF4B-00C04F79EFBC}") = "DataSetWcf", "DataSetWcf\DataSetWcf.csproj", "{D6B3C1F1-4A70-4D89-8DAA-2AFBB6194405}"
EndProject
Project("{FAE04EC0-301F-11D3-BF4B-00C04F79EFBC}") = "DayDayStudyWin", "DayDayStudyWin\DayDayStudyWin.csproj", "{1C87BD00-E056-4420-B6CC-59E636695001}"
EndProject
Project("{FAE04EC0-301F-11D3-BF4B-00C04F79EFBC}") = "DataProviderWebAPI", "DataProviderWebAPI\DataProviderWebAPI.csproj", "{D1462DED-03A7-406E-8906-AFF2C8D90762}"
EndProject
Project("{2150E333-8FDC-42A3-9474-1A3956D46DE8}") = "DataProvider", "DataProvider", "{99FEB7A2-BF24-40EC-9F6A-95E140ECEBF3}"
EndProject
Project("{FAE04EC0-301F-11D3-BF4B-00C04F79EFBC}") = "DataProvider.Service.Oracle", "DataProvider.Service\DataProvider.Service.Oracle\DataProvider.Service.Oracle.csproj", "{8FBB7CBA-B942-4164-B621-69DF6386C790}"
EndProject
Project("{FAE04EC0-301F-11D3-BF4B-00C04F79EFBC}") = "DataProvider.Manage", "DataProvider.Manage\DataProvider.Manage.csproj", "{B771B4FE-8C0E-447C-BB9E-728A596617B4}"
EndProject
Project("{FAE04EC0-301F-11D3-BF4B-00C04F79EFBC}") = "DataProvider.IService", "DataProvider.Service\DataProvider.IService\DataProvider.IService.csproj", "{53AF69B1-C3F4-4DF7-B540-058ED471FFAE}"
EndProject
Project("{FAE04EC0-301F-11D3-BF4B-00C04F79EFBC}") = "WebModel", "WebModel\WebModel.csproj", "{2CB509F3-F762-4C14-929F-18091F9015B2}"
EndProject
Project("{FAE04EC0-301F-11D3-BF4B-00C04F79EFBC}") = "BaseHelper", "BaseHelper\BaseHelper.csproj", "{8B7ACFD3-0F8F-403D-A303-C228A60E4279}"
EndProject
Project("{2150E333-8FDC-42A3-9474-1A3956D46DE8}") = "API", "API", "{5417F5ED-E36C-4417-B82C-8373514E8719}"
EndProject
Project("{FAE04EC0-301F-11D3-BF4B-00C04F79EFBC}") = "DataProviderWebService", "DataProviderWebService\DataProviderWebService.csproj", "{FFDAF04B-E0B5-492F-9D1F-DF4A8D032D75}"
EndProject
Project("{FAE04EC0-301F-11D3-BF4B-00C04F79EFBC}") = "JustExampleMvc", "JustExampleMvc\JustExampleMvc.csproj", "{967A654F-7BAC-4D9E-97B5-5822D3A2A746}"
	ProjectSection(ProjectDependencies) = postProject
		{1237EF26-08E4-4F16-B001-95239AC5866F} = {1237EF26-08E4-4F16-B001-95239AC5866F}
	EndProjectSection
EndProject
Project("{FAE04EC0-301F-11D3-BF4B-00C04F79EFBC}") = "WebHelper", "WebHelper\WebHelper.csproj", "{1237EF26-08E4-4F16-B001-95239AC5866F}"
EndProject
Project("{FAE04EC0-301F-11D3-BF4B-00C04F79EFBC}") = "DataProvider.Service.MsSql", "DataProvider.Service\DataProvider.Service.MsSql\DataProvider.Service.MsSql.csproj", "{0475432D-2812-48B9-8E3C-177F7DF87864}"
EndProject
Project("{FAE04EC0-301F-11D3-BF4B-00C04F79EFBC}") = "DataProvider.Model", "DataProvider.Model\DataProvider.Model.csproj", "{F39F138E-DBC5-40AF-AE70-8E20DEC74CBE}"
EndProject
Project("{FAE04EC0-301F-11D3-BF4B-00C04F79EFBC}") = "QuartzJobService", "QuartzJobService\QuartzJobService.csproj", "{29198D7E-ADFE-4A70-9B1D-FBC72C268697}"
EndProject
Global
	GlobalSection(SolutionConfigurationPlatforms) = preSolution
		Debug|Any CPU = Debug|Any CPU
		Release|Any CPU = Release|Any CPU
	EndGlobalSection
	GlobalSection(ProjectConfigurationPlatforms) = postSolution
		{43A0B324-37E5-4B70-BE77-5D1E853A8CAF}.Debug|Any CPU.ActiveCfg = Debug|Any CPU
		{43A0B324-37E5-4B70-BE77-5D1E853A8CAF}.Debug|Any CPU.Build.0 = Debug|Any CPU
		{43A0B324-37E5-4B70-BE77-5D1E853A8CAF}.Release|Any CPU.ActiveCfg = Release|Any CPU
		{43A0B324-37E5-4B70-BE77-5D1E853A8CAF}.Release|Any CPU.Build.0 = Release|Any CPU
		{4CE97331-8E6A-45E9-BDBC-7555C0A0EAB1}.Debug|Any CPU.ActiveCfg = Debug|Any CPU
		{4CE97331-8E6A-45E9-BDBC-7555C0A0EAB1}.Debug|Any CPU.Build.0 = Debug|Any CPU
		{4CE97331-8E6A-45E9-BDBC-7555C0A0EAB1}.Release|Any CPU.ActiveCfg = Release|Any CPU
		{4CE97331-8E6A-45E9-BDBC-7555C0A0EAB1}.Release|Any CPU.Build.0 = Release|Any CPU
		{D0B90D29-2C8F-491A-ADE1-3837970A5510}.Debug|Any CPU.ActiveCfg = Debug|Any CPU
		{D0B90D29-2C8F-491A-ADE1-3837970A5510}.Debug|Any CPU.Build.0 = Debug|Any CPU
		{D0B90D29-2C8F-491A-ADE1-3837970A5510}.Release|Any CPU.ActiveCfg = Release|Any CPU
		{D0B90D29-2C8F-491A-ADE1-3837970A5510}.Release|Any CPU.Build.0 = Release|Any CPU
		{D6B3C1F1-4A70-4D89-8DAA-2AFBB6194405}.Debug|Any CPU.ActiveCfg = Debug|Any CPU
		{D6B3C1F1-4A70-4D89-8DAA-2AFBB6194405}.Debug|Any CPU.Build.0 = Debug|Any CPU
		{D6B3C1F1-4A70-4D89-8DAA-2AFBB6194405}.Release|Any CPU.ActiveCfg = Release|Any CPU
		{D6B3C1F1-4A70-4D89-8DAA-2AFBB6194405}.Release|Any CPU.Build.0 = Release|Any CPU
		{1C87BD00-E056-4420-B6CC-59E636695001}.Debug|Any CPU.ActiveCfg = Debug|Any CPU
		{1C87BD00-E056-4420-B6CC-59E636695001}.Debug|Any CPU.Build.0 = Debug|Any CPU
		{1C87BD00-E056-4420-B6CC-59E636695001}.Release|Any CPU.ActiveCfg = Release|Any CPU
		{1C87BD00-E056-4420-B6CC-59E636695001}.Release|Any CPU.Build.0 = Release|Any CPU
		{D1462DED-03A7-406E-8906-AFF2C8D90762}.Debug|Any CPU.ActiveCfg = Debug|Any CPU
		{D1462DED-03A7-406E-8906-AFF2C8D90762}.Debug|Any CPU.Build.0 = Debug|Any CPU
		{D1462DED-03A7-406E-8906-AFF2C8D90762}.Release|Any CPU.ActiveCfg = Release|Any CPU
		{D1462DED-03A7-406E-8906-AFF2C8D90762}.Release|Any CPU.Build.0 = Release|Any CPU
		{8FBB7CBA-B942-4164-B621-69DF6386C790}.Debug|Any CPU.ActiveCfg = Debug|Any CPU
		{8FBB7CBA-B942-4164-B621-69DF6386C790}.Debug|Any CPU.Build.0 = Debug|Any CPU
		{8FBB7CBA-B942-4164-B621-69DF6386C790}.Release|Any CPU.ActiveCfg = Release|Any CPU
		{8FBB7CBA-B942-4164-B621-69DF6386C790}.Release|Any CPU.Build.0 = Release|Any CPU
		{B771B4FE-8C0E-447C-BB9E-728A596617B4}.Debug|Any CPU.ActiveCfg = Debug|Any CPU
		{B771B4FE-8C0E-447C-BB9E-728A596617B4}.Debug|Any CPU.Build.0 = Debug|Any CPU
		{B771B4FE-8C0E-447C-BB9E-728A596617B4}.Release|Any CPU.ActiveCfg = Release|Any CPU
		{B771B4FE-8C0E-447C-BB9E-728A596617B4}.Release|Any CPU.Build.0 = Release|Any CPU
		{53AF69B1-C3F4-4DF7-B540-058ED471FFAE}.Debug|Any CPU.ActiveCfg = Debug|Any CPU
		{53AF69B1-C3F4-4DF7-B540-058ED471FFAE}.Debug|Any CPU.Build.0 = Debug|Any CPU
		{53AF69B1-C3F4-4DF7-B540-058ED471FFAE}.Release|Any CPU.ActiveCfg = Release|Any CPU
		{53AF69B1-C3F4-4DF7-B540-058ED471FFAE}.Release|Any CPU.Build.0 = Release|Any CPU
		{2CB509F3-F762-4C14-929F-18091F9015B2}.Debug|Any CPU.ActiveCfg = Debug|Any CPU
		{2CB509F3-F762-4C14-929F-18091F9015B2}.Debug|Any CPU.Build.0 = Debug|Any CPU
		{2CB509F3-F762-4C14-929F-18091F9015B2}.Release|Any CPU.ActiveCfg = Release|Any CPU
		{2CB509F3-F762-4C14-929F-18091F9015B2}.Release|Any CPU.Build.0 = Release|Any CPU
		{8B7ACFD3-0F8F-403D-A303-C228A60E4279}.Debug|Any CPU.ActiveCfg = Debug|Any CPU
		{8B7ACFD3-0F8F-403D-A303-C228A60E4279}.Debug|Any CPU.Build.0 = Debug|Any CPU
		{8B7ACFD3-0F8F-403D-A303-C228A60E4279}.Release|Any CPU.ActiveCfg = Release|Any CPU
		{8B7ACFD3-0F8F-403D-A303-C228A60E4279}.Release|Any CPU.Build.0 = Release|Any CPU
		{FFDAF04B-E0B5-492F-9D1F-DF4A8D032D75}.Debug|Any CPU.ActiveCfg = Debug|Any CPU
		{FFDAF04B-E0B5-492F-9D1F-DF4A8D032D75}.Debug|Any CPU.Build.0 = Debug|Any CPU
		{FFDAF04B-E0B5-492F-9D1F-DF4A8D032D75}.Release|Any CPU.ActiveCfg = Release|Any CPU
		{FFDAF04B-E0B5-492F-9D1F-DF4A8D032D75}.Release|Any CPU.Build.0 = Release|Any CPU
		{967A654F-7BAC-4D9E-97B5-5822D3A2A746}.Debug|Any CPU.ActiveCfg = Debug|Any CPU
		{967A654F-7BAC-4D9E-97B5-5822D3A2A746}.Debug|Any CPU.Build.0 = Debug|Any CPU
		{967A654F-7BAC-4D9E-97B5-5822D3A2A746}.Release|Any CPU.ActiveCfg = Release|Any CPU
		{967A654F-7BAC-4D9E-97B5-5822D3A2A746}.Release|Any CPU.Build.0 = Release|Any CPU
		{1237EF26-08E4-4F16-B001-95239AC5866F}.Debug|Any CPU.ActiveCfg = Debug|Any CPU
		{1237EF26-08E4-4F16-B001-95239AC5866F}.Debug|Any CPU.Build.0 = Debug|Any CPU
		{1237EF26-08E4-4F16-B001-95239AC5866F}.Release|Any CPU.ActiveCfg = Release|Any CPU
		{1237EF26-08E4-4F16-B001-95239AC5866F}.Release|Any CPU.Build.0 = Release|Any CPU
		{0475432D-2812-48B9-8E3C-177F7DF87864}.Debug|Any CPU.ActiveCfg = Debug|Any CPU
		{0475432D-2812-48B9-8E3C-177F7DF87864}.Debug|Any CPU.Build.0 = Debug|Any CPU
		{0475432D-2812-48B9-8E3C-177F7DF87864}.Release|Any CPU.ActiveCfg = Release|Any CPU
		{0475432D-2812-48B9-8E3C-177F7DF87864}.Release|Any CPU.Build.0 = Release|Any CPU
		{F39F138E-DBC5-40AF-AE70-8E20DEC74CBE}.Debug|Any CPU.ActiveCfg = Debug|Any CPU
		{F39F138E-DBC5-40AF-AE70-8E20DEC74CBE}.Debug|Any CPU.Build.0 = Debug|Any CPU
		{F39F138E-DBC5-40AF-AE70-8E20DEC74CBE}.Release|Any CPU.ActiveCfg = Release|Any CPU
		{F39F138E-DBC5-40AF-AE70-8E20DEC74CBE}.Release|Any CPU.Build.0 = Release|Any CPU
		{29198D7E-ADFE-4A70-9B1D-FBC72C268697}.Debug|Any CPU.ActiveCfg = Debug|Any CPU
		{29198D7E-ADFE-4A70-9B1D-FBC72C268697}.Debug|Any CPU.Build.0 = Debug|Any CPU
		{29198D7E-ADFE-4A70-9B1D-FBC72C268697}.Release|Any CPU.ActiveCfg = Release|Any CPU
		{29198D7E-ADFE-4A70-9B1D-FBC72C268697}.Release|Any CPU.Build.0 = Release|Any CPU
	EndGlobalSection
	GlobalSection(SolutionProperties) = preSolution
		HideSolutionNode = FALSE
	EndGlobalSection
	GlobalSection(NestedProjects) = preSolution
		{D6B3C1F1-4A70-4D89-8DAA-2AFBB6194405} = {5417F5ED-E36C-4417-B82C-8373514E8719}
		{D1462DED-03A7-406E-8906-AFF2C8D90762} = {5417F5ED-E36C-4417-B82C-8373514E8719}
		{8FBB7CBA-B942-4164-B621-69DF6386C790} = {99FEB7A2-BF24-40EC-9F6A-95E140ECEBF3}
		{B771B4FE-8C0E-447C-BB9E-728A596617B4} = {99FEB7A2-BF24-40EC-9F6A-95E140ECEBF3}
		{53AF69B1-C3F4-4DF7-B540-058ED471FFAE} = {99FEB7A2-BF24-40EC-9F6A-95E140ECEBF3}
		{2CB509F3-F762-4C14-929F-18091F9015B2} = {99FEB7A2-BF24-40EC-9F6A-95E140ECEBF3}
		{8B7ACFD3-0F8F-403D-A303-C228A60E4279} = {99FEB7A2-BF24-40EC-9F6A-95E140ECEBF3}
		{FFDAF04B-E0B5-492F-9D1F-DF4A8D032D75} = {5417F5ED-E36C-4417-B82C-8373514E8719}
		{1237EF26-08E4-4F16-B001-95239AC5866F} = {99FEB7A2-BF24-40EC-9F6A-95E140ECEBF3}
		{0475432D-2812-48B9-8E3C-177F7DF87864} = {99FEB7A2-BF24-40EC-9F6A-95E140ECEBF3}
	EndGlobalSection
EndGlobal
